
Microsoft Visual Studio Solution File, Format Version 12.00
# Visual Studio Version 17
VisualStudioVersion = 17.0.32126.317
MinimumVisualStudioVersion = 10.0.40219.1
Project("{888888A0-9F3D-457C-B088-3A5042F75D52}") = "PythonApplication65", "PythonApplication65\PythonApplication65.pyproj", "{7992EDFD-4C56-4F26-A8D3-7457C29E82CF}"
EndProject
Global
	GlobalSection(SolutionConfigurationPlatforms) = preSolution
		Debug|Any CPU = Debug|Any CPU
		Release|Any CPU = Release|Any CPU
	EndGlobalSection
	GlobalSection(ProjectConfigurationPlatforms) = postSolution
		{7992EDFD-4C56-4F26-A8D3-7457C29E82CF}.Debug|Any CPU.ActiveCfg = Debug|Any CPU
		{7992EDFD-4C56-4F26-A8D3-7457C29E82CF}.Release|Any CPU.ActiveCfg = Release|Any CPU
	EndGlobalSection
	GlobalSection(SolutionProperties) = preSolution
		HideSolutionNode = FALSE
	EndGlobalSection
	GlobalSection(ExtensibilityGlobals) = postSolution
		SolutionGuid = {28575EC2-FE45-41B3-B353-F5D45CEFBFB4}
	EndGlobalSection
EndGlobal
